
Microsoft Visual Studio Solution File, Format Version 12.00
# Visual Studio Version 16
VisualStudioVersion = 16.0.30128.74
MinimumVisualStudioVersion = 10.0.40219.1
Project("{9A19103F-16F7-4668-BE54-9A1E7A4F7556}") = "Deza.DataAccess", "Deza.DataAccess\Deza.DataAccess.csproj", "{CA74615D-A8A6-4BE0-B112-31FB4D426F6D}"
EndProject
Project("{9A19103F-16F7-4668-BE54-9A1E7A4F7556}") = "Deza.Business", "Deza.Business\Deza.Business.csproj", "{FB88B529-E53C-41B3-BE52-EA8417904194}"
EndProject
Project("{9A19103F-16F7-4668-BE54-9A1E7A4F7556}") = "Deza.MvcWebUI", "Deza.MvcWebUI\Deza.MvcWebUI.csproj", "{235BDAA8-840B-4CDE-AA90-5BCB8C0953A9}"
EndProject
Project("{9A19103F-16F7-4668-BE54-9A1E7A4F7556}") = "Deza.WebAPI", "Deza.WebAPI\Deza.WebAPI.csproj", "{A916EDDA-F3C1-4F23-AE6B-82C9969627E4}"
EndProject
Project("{9A19103F-16F7-4668-BE54-9A1E7A4F7556}") = "Deza.Models", "Deza.Models\Deza.Models.csproj", "{F35689B2-BFDF-48C2-B19D-7CD67B792930}"
EndProject
Global
	GlobalSection(SolutionConfigurationPlatforms) = preSolution
		Debug|Any CPU = Debug|Any CPU
		Release|Any CPU = Release|Any CPU
	EndGlobalSection
	GlobalSection(ProjectConfigurationPlatforms) = postSolution
		{CA74615D-A8A6-4BE0-B112-31FB4D426F6D}.Debug|Any CPU.ActiveCfg = Debug|Any CPU
		{CA74615D-A8A6-4BE0-B112-31FB4D426F6D}.Debug|Any CPU.Build.0 = Debug|Any CPU
		{CA74615D-A8A6-4BE0-B112-31FB4D426F6D}.Release|Any CPU.ActiveCfg = Release|Any CPU
		{CA74615D-A8A6-4BE0-B112-31FB4D426F6D}.Release|Any CPU.Build.0 = Release|Any CPU
		{FB88B529-E53C-41B3-BE52-EA8417904194}.Debug|Any CPU.ActiveCfg = Debug|Any CPU
		{FB88B529-E53C-41B3-BE52-EA8417904194}.Debug|Any CPU.Build.0 = Debug|Any CPU
		{FB88B529-E53C-41B3-BE52-EA8417904194}.Release|Any CPU.ActiveCfg = Release|Any CPU
		{FB88B529-E53C-41B3-BE52-EA8417904194}.Release|Any CPU.Build.0 = Release|Any CPU
		{235BDAA8-840B-4CDE-AA90-5BCB8C0953A9}.Debug|Any CPU.ActiveCfg = Debug|Any CPU
		{235BDAA8-840B-4CDE-AA90-5BCB8C0953A9}.Debug|Any CPU.Build.0 = Debug|Any CPU
		{235BDAA8-840B-4CDE-AA90-5BCB8C0953A9}.Release|Any CPU.ActiveCfg = Release|Any CPU
		{235BDAA8-840B-4CDE-AA90-5BCB8C0953A9}.Release|Any CPU.Build.0 = Release|Any CPU
		{A916EDDA-F3C1-4F23-AE6B-82C9969627E4}.Debug|Any CPU.ActiveCfg = Debug|Any CPU
		{A916EDDA-F3C1-4F23-AE6B-82C9969627E4}.Debug|Any CPU.Build.0 = Debug|Any CPU
		{A916EDDA-F3C1-4F23-AE6B-82C9969627E4}.Release|Any CPU.ActiveCfg = Release|Any CPU
		{A916EDDA-F3C1-4F23-AE6B-82C9969627E4}.Release|Any CPU.Build.0 = Release|Any CPU
		{F35689B2-BFDF-48C2-B19D-7CD67B792930}.Debug|Any CPU.ActiveCfg = Debug|Any CPU
		{F35689B2-BFDF-48C2-B19D-7CD67B792930}.Debug|Any CPU.Build.0 = Debug|Any CPU
		{F35689B2-BFDF-48C2-B19D-7CD67B792930}.Release|Any CPU.ActiveCfg = Release|Any CPU
		{F35689B2-BFDF-48C2-B19D-7CD67B792930}.Release|Any CPU.Build.0 = Release|Any CPU
	EndGlobalSection
	GlobalSection(SolutionProperties) = preSolution
		HideSolutionNode = FALSE
	EndGlobalSection
	GlobalSection(ExtensibilityGlobals) = postSolution
		SolutionGuid = {E2303FE0-AADC-42E6-AA56-245086ADF2B2}
	EndGlobalSection
EndGlobal
